
Microsoft Visual Studio Solution File, Format Version 12.00
# Visual Studio Version 16
VisualStudioVersion = 16.0.30523.141
MinimumVisualStudioVersion = 10.0.40219.1
Project("{FAE04EC0-301F-11D3-BF4B-00C04F79EFBC}") = "Hymma.Mathematics", "Hymma.Mathematics\Hymma.Mathematics.csproj", "{96BD15F0-0AF7-4791-8214-2E720E5398CD}"
EndProject
Project("{FAE04EC0-301F-11D3-BF4B-00C04F79EFBC}") = "SampleApp", "SampleApp\SampleApp.csproj", "{E6166D13-7728-45F6-9553-0E1154A2FD8C}"
EndProject
Project("{FAE04EC0-301F-11D3-BF4B-00C04F79EFBC}") = "Hymma.Net", "Hymma.Net\Hymma.Net.csproj", "{7C5E2AD8-D0A7-4A9C-844F-425EE01CE461}"
EndProject
Project("{FAE04EC0-301F-11D3-BF4B-00C04F79EFBC}") = "Hymma.Units", "Hymma.Units\Hymma.Units.csproj", "{77116F95-6EE7-43AC-9747-055B9195144F}"
EndProject
Project("{2150E333-8FDC-42A3-9474-1A3956D46DE8}") = "Solution Items", "Solution Items", "{54EAD4C2-FFF9-44C4-9433-797869F92505}"
	ProjectSection(SolutionItems) = preProject
		Readme.md = Readme.md
	EndProjectSection
EndProject
Project("{FAE04EC0-301F-11D3-BF4B-00C04F79EFBC}") = "Hymma.Mechanical", "Hymma.Mechanical\Hymma.Mechanical.csproj", "{61C79C36-67DA-4D5B-BB1E-7992F3132C1E}"
EndProject
Global
	GlobalSection(SolutionConfigurationPlatforms) = preSolution
		Debug|Any CPU = Debug|Any CPU
		Release|Any CPU = Release|Any CPU
	EndGlobalSection
	GlobalSection(ProjectConfigurationPlatforms) = postSolution
		{96BD15F0-0AF7-4791-8214-2E720E5398CD}.Debug|Any CPU.ActiveCfg = Debug|Any CPU
		{96BD15F0-0AF7-4791-8214-2E720E5398CD}.Debug|Any CPU.Build.0 = Debug|Any CPU
		{96BD15F0-0AF7-4791-8214-2E720E5398CD}.Release|Any CPU.ActiveCfg = Release|Any CPU
		{96BD15F0-0AF7-4791-8214-2E720E5398CD}.Release|Any CPU.Build.0 = Release|Any CPU
		{E6166D13-7728-45F6-9553-0E1154A2FD8C}.Debug|Any CPU.ActiveCfg = Debug|Any CPU
		{E6166D13-7728-45F6-9553-0E1154A2FD8C}.Debug|Any CPU.Build.0 = Debug|Any CPU
		{E6166D13-7728-45F6-9553-0E1154A2FD8C}.Release|Any CPU.ActiveCfg = Release|Any CPU
		{E6166D13-7728-45F6-9553-0E1154A2FD8C}.Release|Any CPU.Build.0 = Release|Any CPU
		{7C5E2AD8-D0A7-4A9C-844F-425EE01CE461}.Debug|Any CPU.ActiveCfg = Debug|Any CPU
		{7C5E2AD8-D0A7-4A9C-844F-425EE01CE461}.Debug|Any CPU.Build.0 = Debug|Any CPU
		{7C5E2AD8-D0A7-4A9C-844F-425EE01CE461}.Release|Any CPU.ActiveCfg = Release|Any CPU
		{7C5E2AD8-D0A7-4A9C-844F-425EE01CE461}.Release|Any CPU.Build.0 = Release|Any CPU
		{77116F95-6EE7-43AC-9747-055B9195144F}.Debug|Any CPU.ActiveCfg = Debug|Any CPU
		{77116F95-6EE7-43AC-9747-055B9195144F}.Debug|Any CPU.Build.0 = Debug|Any CPU
		{77116F95-6EE7-43AC-9747-055B9195144F}.Release|Any CPU.ActiveCfg = Release|Any CPU
		{77116F95-6EE7-43AC-9747-055B9195144F}.Release|Any CPU.Build.0 = Release|Any CPU
		{61C79C36-67DA-4D5B-BB1E-7992F3132C1E}.Debug|Any CPU.ActiveCfg = Debug|Any CPU
		{61C79C36-67DA-4D5B-BB1E-7992F3132C1E}.Debug|Any CPU.Build.0 = Debug|Any CPU
		{61C79C36-67DA-4D5B-BB1E-7992F3132C1E}.Release|Any CPU.ActiveCfg = Release|Any CPU
		{61C79C36-67DA-4D5B-BB1E-7992F3132C1E}.Release|Any CPU.Build.0 = Release|Any CPU
	EndGlobalSection
	GlobalSection(SolutionProperties) = preSolution
		HideSolutionNode = FALSE
	EndGlobalSection
	GlobalSection(ExtensibilityGlobals) = postSolution
		SolutionGuid = {F267FC3C-38E2-43C1-B19F-CE16A06275D9}
	EndGlobalSection
EndGlobal
